Microsoft Visual Studio Solution File, Format Version 12.00
# Visual Studio Version 17
VisualStudioVersion = 17.0.31903.59
MinimumVisualStudioVersion = 10.0.40219.1
Project("{9A19103F-16F7-4668-BE54-9A1E7A4F7556}") = "DNSYar", "DNSYar.csproj", "{8F3C1A2E-9B47-4D6C-A812-5E7F0C1D2B3A}"
EndProject
Project("{9A19103F-16F7-4668-BE54-9A1E7A4F7556}") = "DNSYar.Tray", "DNSYar.Tray\DNSYar.Tray.csproj", "{C4D5E6F7-A8B9-4C0D-9E1F-2A3B4C5D6E7F}"
EndProject
Global
	GlobalSection(SolutionConfigurationPlatforms) = preSolution
		Debug|ARM64 = Debug|ARM64
		Debug|x64 = Debug|x64
		Release|ARM64 = Release|ARM64
		Release|x64 = Release|x64
	EndGlobalSection
	GlobalSection(ProjectConfigurationPlatforms) = postSolution
		{8F3C1A2E-9B47-4D6C-A812-5E7F0C1D2B3A}.Debug|ARM64.ActiveCfg = Debug|ARM64
		{8F3C1A2E-9B47-4D6C-A812-5E7F0C1D2B3A}.Debug|ARM64.Build.0 = Debug|ARM64
		{8F3C1A2E-9B47-4D6C-A812-5E7F0C1D2B3A}.Debug|x64.ActiveCfg = Debug|x64
		{8F3C1A2E-9B47-4D6C-A812-5E7F0C1D2B3A}.Debug|x64.Build.0 = Debug|x64
		{8F3C1A2E-9B47-4D6C-A812-5E7F0C1D2B3A}.Release|ARM64.ActiveCfg = Release|ARM64
		{8F3C1A2E-9B47-4D6C-A812-5E7F0C1D2B3A}.Release|ARM64.Build.0 = Release|ARM64
		{8F3C1A2E-9B47-4D6C-A812-5E7F0C1D2B3A}.Release|x64.ActiveCfg = Release|x64
		{8F3C1A2E-9B47-4D6C-A812-5E7F0C1D2B3A}.Release|x64.Build.0 = Release|x64
		{C4D5E6F7-A8B9-4C0D-9E1F-2A3B4C5D6E7F}.Debug|ARM64.ActiveCfg = Debug|ARM64
		{C4D5E6F7-A8B9-4C0D-9E1F-2A3B4C5D6E7F}.Debug|ARM64.Build.0 = Debug|ARM64
		{C4D5E6F7-A8B9-4C0D-9E1F-2A3B4C5D6E7F}.Debug|x64.ActiveCfg = Debug|x64
		{C4D5E6F7-A8B9-4C0D-9E1F-2A3B4C5D6E7F}.Debug|x64.Build.0 = Debug|x64
		{C4D5E6F7-A8B9-4C0D-9E1F-2A3B4C5D6E7F}.Release|ARM64.ActiveCfg = Release|ARM64
		{C4D5E6F7-A8B9-4C0D-9E1F-2A3B4C5D6E7F}.Release|ARM64.Build.0 = Release|ARM64
		{C4D5E6F7-A8B9-4C0D-9E1F-2A3B4C5D6E7F}.Release|x64.ActiveCfg = Release|x64
		{C4D5E6F7-A8B9-4C0D-9E1F-2A3B4C5D6E7F}.Release|x64.Build.0 = Release|x64
	EndGlobalSection
	GlobalSection(SolutionProperties) = preSolution
		HideSolutionNode = FALSE
	EndGlobalSection
EndGlobal
